# Create a WordPress site out of thin air
#
# TODO: This uses jahia2wp and we don't want to do things this way anymore.
- include_vars: jahia2wp-vars.yml

- name: Convert shortcodes to Gutenberg blocks
  register: _jahia2wp_shortcode_to_block
  shell:
    cmd: >
      {{ jahia2wp_shell }} shortcode-to-block {{ wp_env }} {{ jahia2wp_url }}
  changed_when: >
    "'_nb_pages_updated': 0," not in _jahia2wp_shortcode_to_block.stderr